github.com/gvallee/go_errs v1.0.0 h1:lFzhcsqoJEses1xznP1FP6/8Fg3TF5xxgtFKCh3Mmkk=
github.com/gvallee/go_errs v1.0.0/go.mod h1:gBhdm7qF91VCENd/iVCn5HZEwOFKkWlhhh4GnVsHBYQ=
github.com/gvallee/go_util v1.6.0 h1:5DePkZ1UPXtAzbX54RMDHDzUchc4d/ZW7AkXZ4ubCz0=
github.com/gvallee/go_util v1.6.0/go.mod h1:fTexpwdH/n05Ziu0TXJIQsr7E+46QpBxNdeOOsyC0/s=
